
Microsoft Visual Studio Solution File, Format Version 12.00
# Visual Studio Version 17
VisualStudioVersion = 17.3.32901.215
MinimumVisualStudioVersion = 10.0.40219.1
Project("{FAE04EC0-301F-11D3-BF4B-00C04F79EFBC}") = "Library-Management-System", "Library-Management-System\Library-Management-System.csproj", "{631E0D3E-19D3-4495-976D-A49A833F08CD}"
EndProject
Global
	GlobalSection(SolutionConfigurationPlatforms) = preSolution
		Debug|Any CPU = Debug|Any CPU
		Release|Any CPU = Release|Any CPU
	EndGlobalSection
	GlobalSection(ProjectConfigurationPlatforms) = postSolution
		{631E0D3E-19D3-4495-976D-A49A833F08CD}.Debug|Any CPU.ActiveCfg = Debug|Any CPU
		{631E0D3E-19D3-4495-976D-A49A833F08CD}.Debug|Any CPU.Build.0 = Debug|Any CPU
		{631E0D3E-19D3-4495-976D-A49A833F08CD}.Release|Any CPU.ActiveCfg = Release|Any CPU
		{631E0D3E-19D3-4495-976D-A49A833F08CD}.Release|Any CPU.Build.0 = Release|Any CPU
	EndGlobalSection
	GlobalSection(SolutionProperties) = preSolution
		HideSolutionNode = FALSE
	EndGlobalSection
	GlobalSection(ExtensibilityGlobals) = postSolution
		SolutionGuid = {AEE486D2-389E-4894-BD4B-4CE647FBD683}
	EndGlobalSection
EndGlobal
